
Microsoft Visual Studio Solution File, Format Version 12.00
# Visual Studio 2013
VisualStudioVersion = 12.0.21005.1
MinimumVisualStudioVersion = 10.0.40219.1
Project("{FAE04EC0-301F-11D3-BF4B-00C04F79EFBC}") = "AhiEvranDersProgrami", "AhiEvranDersProgrami\AhiEvranDersProgrami.csproj", "{81424837-B5AB-47A5-AA3A-566696BA137C}"
EndProject
Project("{54435603-DBB4-11D2-8724-00A0C9A8B90C}") = "pmc", "pmc\pmc.vdproj", "{4395D500-E26B-4226-AD37-65BE66BE7E75}"
EndProject
Global
	GlobalSection(SolutionConfigurationPlatforms) = preSolution
		Debug|Any CPU = Debug|Any CPU
		Release|Any CPU = Release|Any CPU
	EndGlobalSection
	GlobalSection(ProjectConfigurationPlatforms) = postSolution
		{81424837-B5AB-47A5-AA3A-566696BA137C}.Debug|Any CPU.ActiveCfg = Debug|Any CPU
		{81424837-B5AB-47A5-AA3A-566696BA137C}.Debug|Any CPU.Build.0 = Debug|Any CPU
		{81424837-B5AB-47A5-AA3A-566696BA137C}.Release|Any CPU.ActiveCfg = Release|Any CPU
		{81424837-B5AB-47A5-AA3A-566696BA137C}.Release|Any CPU.Build.0 = Release|Any CPU
		{4395D500-E26B-4226-AD37-65BE66BE7E75}.Debug|Any CPU.ActiveCfg = Debug
		{4395D500-E26B-4226-AD37-65BE66BE7E75}.Release|Any CPU.ActiveCfg = Release
	EndGlobalSection
	GlobalSection(SolutionProperties) = preSolution
		HideSolutionNode = FALSE
	EndGlobalSection
EndGlobal
